<?xml version="1.0" encoding="utf-8"?>
<Project ToolsVersion="4.0" xmlns="http://schemas.microsoft.com/developer/msbuild/2003">
  <ItemGroup>
    <Filter Include="Source Files">
      <UniqueIdentifier>{4FC737F1-C7A5-4376-A066-2A32D752A2FF}</UniqueIdentifier>
      <Extensions>cpp;c;cc;cxx;def;odl;idl;hpj;bat;asm;asmx</Extensions>
    </Filter>
    <Filter Include="Header Files">
      <UniqueIdentifier>{93995380-89BD-4b04-88EB-625FBE52EBFB}</UniqueIdentifier>
      <Extensions>h;hh;hpp;hxx;hm;inl;inc;xsd</Extensions>
    </Filter>
    <Filter Include="Resource Files">
      <UniqueIdentifier>{67DA6AB6-F800-4c08-8B7A-83BB121AAD01}</UniqueIdentifier>
      <Extensions>rc;ico;cur;bmp;dlg;rc2;rct;bin;rgs;gif;jpg;jpeg;jpe;resx;tiff;tif;png;wav;mfcribbon-ms</Extensions>
    </Filter>
    <Filter Include="Resource Files\files">
      <UniqueIdentifier>{ac444018-0372-4756-a668-aee8a5b4c732}</UniqueIdentifier>
    </Filter>
    <Filter Include="Resource Files\files\hamlet">
      <UniqueIdentifier>{2e86bbc2-4c20-4c3b-a437-9f2774ad770f}</UniqueIdentifier>
    </Filter>
  </ItemGroup>
  <ItemGroup>
    <Text Include="ReadMe.txt" />
    <Text Include="files\hamlet\Guildenstern_hamlet_ii_2a.txt">
      <Filter>Resource Files\files\hamlet</Filter>
    </Text>
    <Text Include="files\hamlet\hamlet_act_ii_scene_1a.txt">
      <Filter>Resource Files\files\hamlet</Filter>
    </Text>
    <Text Include="files\hamlet\hamlet_act_ii_scene_1b.txt">
      <Filter>Resource Files\files\hamlet</Filter>
    </Text>
    <Text Include="files\hamlet\hamlet_act_ii_scene_2a.txt">
      <Filter>Resource Files\files\hamlet</Filter>
    </Text>
    <Text Include="files\hamlet\hamlet_ii_1a_config.txt">
      <Filter>Resource Files\files\hamlet</Filter>
    </Text>
    <Text Include="files\hamlet\hamlet_ii_1b_config.txt">
      <Filter>Resource Files\files\hamlet</Filter>
    </Text>
    <Text Include="files\hamlet\hamlet_ii_2a_config.txt">
      <Filter>Resource Files\files\hamlet</Filter>
    </Text>
    <Text Include="files\hamlet\King_hamlet_ii_2a.txt">
      <Filter>Resource Files\files\hamlet</Filter>
    </Text>
    <Text Include="files\hamlet\Ophelia_hamlet_ii_1b.txt">
      <Filter>Resource Files\files\hamlet</Filter>
    </Text>
    <Text Include="files\hamlet\partial_hamlet_act_ii_script.txt">
      <Filter>Resource Files\files\hamlet</Filter>
    </Text>
    <Text Include="files\hamlet\Polonius_hamlet_ii_1a.txt">
      <Filter>Resource Files\files\hamlet</Filter>
    </Text>
    <Text Include="files\hamlet\Polonius_hamlet_ii_1b.txt">
      <Filter>Resource Files\files\hamlet</Filter>
    </Text>
    <Text Include="files\hamlet\Queen_hamlet_ii_2a.txt">
      <Filter>Resource Files\files\hamlet</Filter>
    </Text>
    <Text Include="files\hamlet\Reynaldo_hamlet_ii_1a.txt">
      <Filter>Resource Files\files\hamlet</Filter>
    </Text>
    <Text Include="files\hamlet\Rosencrantz_hamlet_ii_2a.txt">
      <Filter>Resource Files\files\hamlet</Filter>
    </Text>
  </ItemGroup>
  <ItemGroup>
    <ClInclude Include="stdafx.h">
      <Filter>Header Files</Filter>
    </ClInclude>
    <ClInclude Include="targetver.h">
      <Filter>Header Files</Filter>
    </ClInclude>
    <ClInclude Include="Active_Object.h">
      <Filter>Header Files</Filter>
    </ClInclude>
    <ClInclude Include="Director.h">
      <Filter>Header Files</Filter>
    </ClInclude>
    <ClInclude Include="InterruptFlag.h">
      <Filter>Header Files</Filter>
    </ClInclude>
    <ClInclude Include="InterruptibleThread.h">
      <Filter>Header Files</Filter>
    </ClInclude>
    <ClInclude Include="Message.h">
      <Filter>Header Files</Filter>
    </ClInclude>
    <ClInclude Include="PartParser.h">
      <Filter>Header Files</Filter>
    </ClInclude>
    <ClInclude Include="Play.h">
      <Filter>Header Files</Filter>
    </ClInclude>
    <ClInclude Include="play_t.h">
      <Filter>Header Files</Filter>
    </ClInclude>
    <ClInclude Include="Player.h">
      <Filter>Header Files</Filter>
    </ClInclude>
    <ClInclude Include="ProgramException.h">
      <Filter>Header Files</Filter>
    </ClInclude>
    <ClInclude Include="ScriptParser.h">
      <Filter>Header Files</Filter>
    </ClInclude>
    <ClInclude Include="synchronized_list.h">
      <Filter>Header Files</Filter>
    </ClInclude>
    <ClInclude Include="utils.h">
      <Filter>Header Files</Filter>
    </ClInclude>
    <ClInclude Include="ASTNodes.h">
      <Filter>Header Files</Filter>
    </ClInclude>
    <ClInclude Include="Scanners.h">
      <Filter>Header Files</Filter>
    </ClInclude>
    <ClInclude Include="Visitors.h">
      <Filter>Header Files</Filter>
    </ClInclude>
    <ClInclude Include="RdWrSockSvcHandler.h">
      <Filter>Header Files</Filter>
    </ClInclude>
    <ClInclude Include="SignalEventHandler.h">
      <Filter>Header Files</Filter>
    </ClInclude>
    <ClInclude Include="GenericFiniteStateMachine.h">
      <Filter>Header Files</Filter>
    </ClInclude>
  </ItemGroup>
  <ItemGroup>
    <ClCompile Include="stdafx.cpp">
      <Filter>Source Files</Filter>
    </ClCompile>
    <ClCompile Include="DirectorProgram.cpp">
      <Filter>Source Files</Filter>
    </ClCompile>
    <ClCompile Include="Director.cpp">
      <Filter>Source Files</Filter>
    </ClCompile>
    <ClCompile Include="InterruptFlag.cpp">
      <Filter>Source Files</Filter>
    </ClCompile>
    <ClCompile Include="PartParser.cpp">
      <Filter>Source Files</Filter>
    </ClCompile>
    <ClCompile Include="Play.cpp">
      <Filter>Source Files</Filter>
    </ClCompile>
    <ClCompile Include="Player.cpp">
      <Filter>Source Files</Filter>
    </ClCompile>
    <ClCompile Include="ProgramException.cpp">
      <Filter>Source Files</Filter>
    </ClCompile>
    <ClCompile Include="ScriptParser.cpp">
      <Filter>Source Files</Filter>
    </ClCompile>
    <ClCompile Include="utils.cpp">
      <Filter>Source Files</Filter>
    </ClCompile>
    <ClCompile Include="ASTNodes.cpp">
      <Filter>Source Files</Filter>
    </ClCompile>
    <ClCompile Include="Scanners.cpp">
      <Filter>Source Files</Filter>
    </ClCompile>
    <ClCompile Include="Visitors.cpp">
      <Filter>Source Files</Filter>
    </ClCompile>
    <ClCompile Include="RdWrSockSvcHandler.cpp">
      <Filter>Source Files</Filter>
    </ClCompile>
  </ItemGroup>
</Project>